
Microsoft Visual Studio Solution File, Format Version 12.00
# Visual Studio Version 17
VisualStudioVersion = 17.10.35013.160
MinimumVisualStudioVersion = 10.0.40219.1
Project("{2150E333-8FDC-42A3-9474-1A3956D46DE8}") = "System Alerts Monitor Provider", "System Alerts Monitor Provider", "{EEB806F1-514F-4ED2-95C6-8E37AF7326F0}"
EndProject
Project("{2150E333-8FDC-42A3-9474-1A3956D46DE8}") = "System Alerts Monitor Dashboard", "System Alerts Monitor Dashboard", "{6FE6EF93-80EC-4CE3-A20C-EAF2B3EA6739}"
EndProject
Project("{2150E333-8FDC-42A3-9474-1A3956D46DE8}") = "System Alerts Monitor Common", "System Alerts Monitor Common", "{8766CA25-7052-4490-85E7-BA77DEAA8245}"
EndProject
Project("{9A19103F-16F7-4668-BE54-9A1E7A4F7556}") = "SAM.Common", "System Alerts Monitor Common\System.Alerts.Monitor.Common\SAM.Common.csproj", "{ADC6766F-26A4-486B-8DCF-C7FFCB66019F}"
EndProject
Project("{9A19103F-16F7-4668-BE54-9A1E7A4F7556}") = "SAM.Provider.Controller", "System Alerts Monitor Provider\System.Alerts.Monitor.Provider.Controller\SAM.Provider.Controller.csproj", "{C38DC0C8-350A-46DF-AF52-240CB112F81C}"
EndProject
Project("{9A19103F-16F7-4668-BE54-9A1E7A4F7556}") = "SAM.Provider.DAL", "System Alerts Monitor Provider\System.Alerts.Monitor.Provider.DAL\SAM.Provider.DAL.csproj", "{3EA81986-C315-4F54-B7DA-BDD2B4DF8A7C}"
EndProject
Project("{9A19103F-16F7-4668-BE54-9A1E7A4F7556}") = "SAM.Provider.GrpcService", "System Alerts Monitor Provider\System.Alerts.Monitor.Provider.GrpcService\SAM.Provider.GrpcService.csproj", "{2A6AC568-BD4A-4AC7-B30B-7FF9B78A11AD}"
EndProject
Project("{9A19103F-16F7-4668-BE54-9A1E7A4F7556}") = "SAM.Dashboard.UI", "System Alerts Monitor Dashboard\System.Alerts.Monitor.Dashboard.UI\SAM.Dashboard.UI.csproj", "{77D89E2D-2FD6-4C49-809E-BA2C6255589F}"
EndProject
Project("{9A19103F-16F7-4668-BE54-9A1E7A4F7556}") = "SAM.Dashboard.DAL", "System Alerts Monitor Dashboard\System.Alerts.Monitor.Dashboard.DAL\SAM.Dashboard.DAL.csproj", "{D9E34C36-8C26-4934-B1CB-B9DAFB995E00}"
EndProject
Project("{9A19103F-16F7-4668-BE54-9A1E7A4F7556}") = "SAM.Common.Protos", "System Alerts Monitor Common\System.Alerts.Monitor.Common.Protos\SAM.Common.Protos.csproj", "{13BF7190-765F-4F6D-A3E5-C6556C1CD8CA}"
EndProject
Global
	GlobalSection(SolutionConfigurationPlatforms) = preSolution
		Debug|Any CPU = Debug|Any CPU
		Release|Any CPU = Release|Any CPU
	EndGlobalSection
	GlobalSection(ProjectConfigurationPlatforms) = postSolution
		{ADC6766F-26A4-486B-8DCF-C7FFCB66019F}.Debug|Any CPU.ActiveCfg = Debug|Any CPU
		{ADC6766F-26A4-486B-8DCF-C7FFCB66019F}.Debug|Any CPU.Build.0 = Debug|Any CPU
		{ADC6766F-26A4-486B-8DCF-C7FFCB66019F}.Release|Any CPU.ActiveCfg = Release|Any CPU
		{ADC6766F-26A4-486B-8DCF-C7FFCB66019F}.Release|Any CPU.Build.0 = Release|Any CPU
		{C38DC0C8-350A-46DF-AF52-240CB112F81C}.Debug|Any CPU.ActiveCfg = Debug|Any CPU
		{C38DC0C8-350A-46DF-AF52-240CB112F81C}.Debug|Any CPU.Build.0 = Debug|Any CPU
		{C38DC0C8-350A-46DF-AF52-240CB112F81C}.Release|Any CPU.ActiveCfg = Release|Any CPU
		{C38DC0C8-350A-46DF-AF52-240CB112F81C}.Release|Any CPU.Build.0 = Release|Any CPU
		{3EA81986-C315-4F54-B7DA-BDD2B4DF8A7C}.Debug|Any CPU.ActiveCfg = Debug|Any CPU
		{3EA81986-C315-4F54-B7DA-BDD2B4DF8A7C}.Debug|Any CPU.Build.0 = Debug|Any CPU
		{3EA81986-C315-4F54-B7DA-BDD2B4DF8A7C}.Release|Any CPU.ActiveCfg = Release|Any CPU
		{3EA81986-C315-4F54-B7DA-BDD2B4DF8A7C}.Release|Any CPU.Build.0 = Release|Any CPU
		{2A6AC568-BD4A-4AC7-B30B-7FF9B78A11AD}.Debug|Any CPU.ActiveCfg = Debug|Any CPU
		{2A6AC568-BD4A-4AC7-B30B-7FF9B78A11AD}.Debug|Any CPU.Build.0 = Debug|Any CPU
		{2A6AC568-BD4A-4AC7-B30B-7FF9B78A11AD}.Release|Any CPU.ActiveCfg = Release|Any CPU
		{2A6AC568-BD4A-4AC7-B30B-7FF9B78A11AD}.Release|Any CPU.Build.0 = Release|Any CPU
		{77D89E2D-2FD6-4C49-809E-BA2C6255589F}.Debug|Any CPU.ActiveCfg = Debug|Any CPU
		{77D89E2D-2FD6-4C49-809E-BA2C6255589F}.Debug|Any CPU.Build.0 = Debug|Any CPU
		{77D89E2D-2FD6-4C49-809E-BA2C6255589F}.Release|Any CPU.ActiveCfg = Release|Any CPU
		{77D89E2D-2FD6-4C49-809E-BA2C6255589F}.Release|Any CPU.Build.0 = Release|Any CPU
		{D9E34C36-8C26-4934-B1CB-B9DAFB995E00}.Debug|Any CPU.ActiveCfg = Debug|Any CPU
		{D9E34C36-8C26-4934-B1CB-B9DAFB995E00}.Debug|Any CPU.Build.0 = Debug|Any CPU
		{D9E34C36-8C26-4934-B1CB-B9DAFB995E00}.Release|Any CPU.ActiveCfg = Release|Any CPU
		{D9E34C36-8C26-4934-B1CB-B9DAFB995E00}.Release|Any CPU.Build.0 = Release|Any CPU
		{13BF7190-765F-4F6D-A3E5-C6556C1CD8CA}.Debug|Any CPU.ActiveCfg = Debug|Any CPU
		{13BF7190-765F-4F6D-A3E5-C6556C1CD8CA}.Debug|Any CPU.Build.0 = Debug|Any CPU
		{13BF7190-765F-4F6D-A3E5-C6556C1CD8CA}.Release|Any CPU.ActiveCfg = Release|Any CPU
		{13BF7190-765F-4F6D-A3E5-C6556C1CD8CA}.Release|Any CPU.Build.0 = Release|Any CPU
	EndGlobalSection
	GlobalSection(SolutionProperties) = preSolution
		HideSolutionNode = FALSE
	EndGlobalSection
	GlobalSection(NestedProjects) = preSolution
		{ADC6766F-26A4-486B-8DCF-C7FFCB66019F} = {8766CA25-7052-4490-85E7-BA77DEAA8245}
		{C38DC0C8-350A-46DF-AF52-240CB112F81C} = {EEB806F1-514F-4ED2-95C6-8E37AF7326F0}
		{3EA81986-C315-4F54-B7DA-BDD2B4DF8A7C} = {EEB806F1-514F-4ED2-95C6-8E37AF7326F0}
		{2A6AC568-BD4A-4AC7-B30B-7FF9B78A11AD} = {EEB806F1-514F-4ED2-95C6-8E37AF7326F0}
		{77D89E2D-2FD6-4C49-809E-BA2C6255589F} = {6FE6EF93-80EC-4CE3-A20C-EAF2B3EA6739}
		{D9E34C36-8C26-4934-B1CB-B9DAFB995E00} = {6FE6EF93-80EC-4CE3-A20C-EAF2B3EA6739}
		{13BF7190-765F-4F6D-A3E5-C6556C1CD8CA} = {8766CA25-7052-4490-85E7-BA77DEAA8245}
	EndGlobalSection
	GlobalSection(ExtensibilityGlobals) = postSolution
		SolutionGuid = {CC4D9E60-F09A-4E15-B465-3E5203D1947A}
	EndGlobalSection
EndGlobal
